
Microsoft Visual Studio Solution File, Format Version 12.00
# Visual Studio Version 16
VisualStudioVersion = 16.0.31729.503
MinimumVisualStudioVersion = 10.0.40219.1
Project("{8BC9CEB8-8B4A-11D0-8D11-00A0C91BC942}") = "zadanie4lab2", "zadanie4lab2\zadanie4lab2.vcxproj", "{81BCAE34-66BD-4ED0-919B-9E46A64E053E}"
EndProject
Global
	GlobalSection(SolutionConfigurationPlatforms) = preSolution
		Debug|x64 = Debug|x64
		Debug|x86 = Debug|x86
		Release|x64 = Release|x64
		Release|x86 = Release|x86
	EndGlobalSection
	GlobalSection(ProjectConfigurationPlatforms) = postSolution
		{81BCAE34-66BD-4ED0-919B-9E46A64E053E}.Debug|x64.ActiveCfg = Debug|x64
		{81BCAE34-66BD-4ED0-919B-9E46A64E053E}.Debug|x64.Build.0 = Debug|x64
		{81BCAE34-66BD-4ED0-919B-9E46A64E053E}.Debug|x86.ActiveCfg = Debug|Win32
		{81BCAE34-66BD-4ED0-919B-9E46A64E053E}.Debug|x86.Build.0 = Debug|Win32
		{81BCAE34-66BD-4ED0-919B-9E46A64E053E}.Release|x64.ActiveCfg = Release|x64
		{81BCAE34-66BD-4ED0-919B-9E46A64E053E}.Release|x64.Build.0 = Release|x64
		{81BCAE34-66BD-4ED0-919B-9E46A64E053E}.Release|x86.ActiveCfg = Release|Win32
		{81BCAE34-66BD-4ED0-919B-9E46A64E053E}.Release|x86.Build.0 = Release|Win32
	EndGlobalSection
	GlobalSection(SolutionProperties) = preSolution
		HideSolutionNode = FALSE
	EndGlobalSection
	GlobalSection(ExtensibilityGlobals) = postSolution
		SolutionGuid = {D7D14E4A-60A0-47D2-88BE-FE6D092FD215}
	EndGlobalSection
EndGlobal
